
Microsoft Visual Studio Solution File, Format Version 12.00
# Visual Studio Version 16
VisualStudioVersion = 16.0.31613.86
MinimumVisualStudioVersion = 10.0.40219.1
Project("{FAE04EC0-301F-11D3-BF4B-00C04F79EFBC}") = "RocketLanding.Domain", "RocketLanding.Domain\RocketLanding.Domain.csproj", "{A8F5B8E6-7E28-4225-8754-EFBA9DE5C03F}"
EndProject
Project("{FAE04EC0-301F-11D3-BF4B-00C04F79EFBC}") = "RocketLanding.App", "RocketLanding.App\RocketLanding.App.csproj", "{12634F1A-B488-47A5-A788-179CFBE34A1A}"
EndProject
Global
	GlobalSection(SolutionConfigurationPlatforms) = preSolution
		Debug|Any CPU = Debug|Any CPU
		Release|Any CPU = Release|Any CPU
	EndGlobalSection
	GlobalSection(ProjectConfigurationPlatforms) = postSolution
		{A8F5B8E6-7E28-4225-8754-EFBA9DE5C03F}.Debug|Any CPU.ActiveCfg = Debug|Any CPU
		{A8F5B8E6-7E28-4225-8754-EFBA9DE5C03F}.Debug|Any CPU.Build.0 = Debug|Any CPU
		{A8F5B8E6-7E28-4225-8754-EFBA9DE5C03F}.Release|Any CPU.ActiveCfg = Release|Any CPU
		{A8F5B8E6-7E28-4225-8754-EFBA9DE5C03F}.Release|Any CPU.Build.0 = Release|Any CPU
		{12634F1A-B488-47A5-A788-179CFBE34A1A}.Debug|Any CPU.ActiveCfg = Debug|Any CPU
		{12634F1A-B488-47A5-A788-179CFBE34A1A}.Debug|Any CPU.Build.0 = Debug|Any CPU
		{12634F1A-B488-47A5-A788-179CFBE34A1A}.Release|Any CPU.ActiveCfg = Release|Any CPU
		{12634F1A-B488-47A5-A788-179CFBE34A1A}.Release|Any CPU.Build.0 = Release|Any CPU
	EndGlobalSection
	GlobalSection(SolutionProperties) = preSolution
		HideSolutionNode = FALSE
	EndGlobalSection
	GlobalSection(ExtensibilityGlobals) = postSolution
		SolutionGuid = {4CBD1B90-0369-4956-9C14-BF688CD18741}
	EndGlobalSection
EndGlobal
